
Microsoft Visual Studio Solution File, Format Version 12.00
# Visual Studio Version 17
VisualStudioVersion = 17.1.32319.34
MinimumVisualStudioVersion = 10.0.40219.1
Project("{FAE04EC0-301F-11D3-BF4B-00C04F79EFBC}") = "WpfApp1", "WpfApp1\WpfApp1.csproj", "{81939AB1-72F4-46F2-877F-30D87D1EF223}"
EndProject
Global
	GlobalSection(SolutionConfigurationPlatforms) = preSolution
		Debug|Any CPU = Debug|Any CPU
		Release|Any CPU = Release|Any CPU
	EndGlobalSection
	GlobalSection(ProjectConfigurationPlatforms) = postSolution
		{81939AB1-72F4-46F2-877F-30D87D1EF223}.Debug|Any CPU.ActiveCfg = Debug|Any CPU
		{81939AB1-72F4-46F2-877F-30D87D1EF223}.Debug|Any CPU.Build.0 = Debug|Any CPU
		{81939AB1-72F4-46F2-877F-30D87D1EF223}.Release|Any CPU.ActiveCfg = Release|Any CPU
		{81939AB1-72F4-46F2-877F-30D87D1EF223}.Release|Any CPU.Build.0 = Release|Any CPU
	EndGlobalSection
	GlobalSection(SolutionProperties) = preSolution
		HideSolutionNode = FALSE
	EndGlobalSection
	GlobalSection(ExtensibilityGlobals) = postSolution
		SolutionGuid = {4ECA1287-8BD1-4C11-A65A-E79FE0723A6B}
	EndGlobalSection
EndGlobal
